<?xml version="1.0" encoding="utf-8"?>
<Project ToolsVersion="4.0" xmlns="http://schemas.microsoft.com/developer/msbuild/2003">
  <ItemGroup>
    <Filter Include="core">
      <UniqueIdentifier>{db2cf219-84e5-43d8-9664-d4e266239d0d}</UniqueIdentifier>
    </Filter>
    <Filter Include="system">
      <UniqueIdentifier>{d1aff642-c70b-41b5-bfab-1ae55e1aa500}</UniqueIdentifier>
    </Filter>
    <Filter Include="utils">
      <UniqueIdentifier>{2df74cb6-76d2-44c4-8fbf-3e07b8c1729b}</UniqueIdentifier>
    </Filter>
    <Filter Include="core\Items">
      <UniqueIdentifier>{68e551b3-358e-48ed-8235-d7a0d23bfa2e}</UniqueIdentifier>
    </Filter>
    <Filter Include="core\Factories">
      <UniqueIdentifier>{1055a222-3144-4c7e-9fc9-3301b022366a}</UniqueIdentifier>
    </Filter>
  </ItemGroup>
  <ItemGroup>
    <ClCompile Include="main.cpp" />
    <ClCompile Include="MyString.hpp">
      <Filter>utils</Filter>
    </ClCompile>
    <ClCompile Include="MyVector.hpp">
      <Filter>utils</Filter>
    </ClCompile>
    <ClCompile Include="GameEngine.cpp">
      <Filter>system</Filter>
    </ClCompile>
    <ClCompile Include="FileManager.cpp">
      <Filter>system</Filter>
    </ClCompile>
    <ClCompile Include="HealingPotion.cpp">
      <Filter>core\Items</Filter>
    </ClCompile>
    <ClCompile Include="Sword.cpp">
      <Filter>core\Items</Filter>
    </ClCompile>
    <ClCompile Include="Mirror.cpp">
      <Filter>core\Items</Filter>
    </ClCompile>
    <ClCompile Include="Ray.cpp">
      <Filter>core\Items</Filter>
    </ClCompile>
    <ClCompile Include="Shield.cpp">
      <Filter>core\Items</Filter>
    </ClCompile>
    <ClCompile Include="MenuSystem.cpp">
      <Filter>system</Filter>
    </ClCompile>
    <ClCompile Include="SessionState.cpp">
      <Filter>system</Filter>
    </ClCompile>
    <ClCompile Include="BattleOrchestrator.cpp">
      <Filter>system</Filter>
    </ClCompile>
    <ClCompile Include="Warrior.cpp">
      <Filter>core</Filter>
    </ClCompile>
    <ClCompile Include="User.h">
      <Filter>core</Filter>
    </ClCompile>
    <ClCompile Include="User.cpp">
      <Filter>core</Filter>
    </ClCompile>
    <ClCompile Include="Shop.cpp">
      <Filter>core</Filter>
    </ClCompile>
    <ClCompile Include="Mage.cpp">
      <Filter>core</Filter>
    </ClCompile>
    <ClCompile Include="Leaderboard.cpp">
      <Filter>core</Filter>
    </ClCompile>
    <ClCompile Include="Item.cpp">
      <Filter>core</Filter>
    </ClCompile>
    <ClCompile Include="Character.cpp">
      <Filter>core</Filter>
    </ClCompile>
    <ClCompile Include="Archer.cpp">
      <Filter>core</Filter>
    </ClCompile>
    <ClCompile Include="Battle.cpp">
      <Filter>core</Filter>
    </ClCompile>
    <ClCompile Include="AuthManager.cpp">
      <Filter>system</Filter>
    </ClCompile>
    <ClCompile Include="ItemFactory.cpp">
      <Filter>core\Factories</Filter>
    </ClCompile>
    <ClCompile Include="CharacterFactory.cpp">
      <Filter>core\Factories</Filter>
    </ClCompile>
  </ItemGroup>
  <ItemGroup>
    <ClInclude Include="GameEngine.h">
      <Filter>system</Filter>
    </ClInclude>
    <ClInclude Include="FileManager.h">
      <Filter>system</Filter>
    </ClInclude>
    <ClInclude Include="BattleContext.h">
      <Filter>utils</Filter>
    </ClInclude>
    <ClInclude Include="MenuSystem.h">
      <Filter>system</Filter>
    </ClInclude>
    <ClInclude Include="SessionState.h">
      <Filter>system</Filter>
    </ClInclude>
    <ClInclude Include="BattleOrchestrator.h">
      <Filter>system</Filter>
    </ClInclude>
    <ClInclude Include="AuthManager.h">
      <Filter>system</Filter>
    </ClInclude>
    <ClInclude Include="HealingPotion.h">
      <Filter>core\Items</Filter>
    </ClInclude>
    <ClInclude Include="Mirror.h">
      <Filter>core\Items</Filter>
    </ClInclude>
    <ClInclude Include="Ray.h">
      <Filter>core\Items</Filter>
    </ClInclude>
    <ClInclude Include="Shield.h">
      <Filter>core\Items</Filter>
    </ClInclude>
    <ClInclude Include="Sword.h">
      <Filter>core\Items</Filter>
    </ClInclude>
    <ClInclude Include="Warrior.h">
      <Filter>core</Filter>
    </ClInclude>
    <ClInclude Include="Shop.h">
      <Filter>core</Filter>
    </ClInclude>
    <ClInclude Include="Mage.h">
      <Filter>core</Filter>
    </ClInclude>
    <ClInclude Include="Leaderboard.h">
      <Filter>core</Filter>
    </ClInclude>
    <ClInclude Include="Item.h">
      <Filter>core</Filter>
    </ClInclude>
    <ClInclude Include="Character.h">
      <Filter>core</Filter>
    </ClInclude>
    <ClInclude Include="Battle.h">
      <Filter>core</Filter>
    </ClInclude>
    <ClInclude Include="Archer.h">
      <Filter>core</Filter>
    </ClInclude>
    <ClInclude Include="ItemFactory.h">
      <Filter>core\Factories</Filter>
    </ClInclude>
    <ClInclude Include="CharacterFactory.h">
      <Filter>core\Factories</Filter>
    </ClInclude>
  </ItemGroup>
</Project>