<?xml version="1.0" encoding="utf-8"?>
<Project ToolsVersion="4.0" xmlns="http://schemas.microsoft.com/developer/msbuild/2003">
  <ItemGroup>
    <Filter Include="core">
      <UniqueIdentifier>{db2cf219-84e5-43d8-9664-d4e266239d0d}</UniqueIdentifier>
    </Filter>
    <Filter Include="system">
      <UniqueIdentifier>{d1aff642-c70b-41b5-bfab-1ae55e1aa500}</UniqueIdentifier>
    </Filter>
    <Filter Include="utils">
      <UniqueIdentifier>{2df74cb6-76d2-44c4-8fbf-3e07b8c1729b}</UniqueIdentifier>
    </Filter>
    <Filter Include="core\headers">
      <UniqueIdentifier>{4cb8c092-145a-4516-9dde-75bf212fb43a}</UniqueIdentifier>
    </Filter>
    <Filter Include="core\cpp">
      <UniqueIdentifier>{17c2fd47-a978-4561-adc8-112bc40dd20d}</UniqueIdentifier>
    </Filter>
  </ItemGroup>
  <ItemGroup>
    <ClCompile Include="main.cpp" />
    <ClCompile Include="User.h">
      <Filter>core\headers</Filter>
    </ClCompile>
    <ClCompile Include="Archer.cpp">
      <Filter>core\cpp</Filter>
    </ClCompile>
    <ClCompile Include="Warrior.cpp">
      <Filter>core\cpp</Filter>
    </ClCompile>
    <ClCompile Include="Character.cpp">
      <Filter>core\cpp</Filter>
    </ClCompile>
    <ClCompile Include="Battle.cpp">
      <Filter>core\cpp</Filter>
    </ClCompile>
    <ClCompile Include="Item.cpp">
      <Filter>core\cpp</Filter>
    </ClCompile>
    <ClCompile Include="Leaderboard.cpp">
      <Filter>core\cpp</Filter>
    </ClCompile>
    <ClCompile Include="Mage.cpp">
      <Filter>core\cpp</Filter>
    </ClCompile>
    <ClCompile Include="User.cpp">
      <Filter>core\cpp</Filter>
    </ClCompile>
    <ClCompile Include="Shop.cpp">
      <Filter>core\cpp</Filter>
    </ClCompile>
    <ClCompile Include="String.cpp">
      <Filter>utils</Filter>
    </ClCompile>
    <ClCompile Include="Vector.cpp">
      <Filter>utils</Filter>
    </ClCompile>
    <ClCompile Include="GameEngine.cpp">
      <Filter>system</Filter>
    </ClCompile>
    <ClCompile Include="FileManager.cpp">
      <Filter>system</Filter>
    </ClCompile>
  </ItemGroup>
  <ItemGroup>
    <ClInclude Include="Character.h">
      <Filter>core\headers</Filter>
    </ClInclude>
    <ClInclude Include="Warrior.h">
      <Filter>core\headers</Filter>
    </ClInclude>
    <ClInclude Include="Mage.h">
      <Filter>core\headers</Filter>
    </ClInclude>
    <ClInclude Include="Archer.h">
      <Filter>core\headers</Filter>
    </ClInclude>
    <ClInclude Include="Leaderboard.h">
      <Filter>core\headers</Filter>
    </ClInclude>
    <ClInclude Include="Item.h">
      <Filter>core\headers</Filter>
    </ClInclude>
    <ClInclude Include="Shop.h">
      <Filter>core\headers</Filter>
    </ClInclude>
    <ClInclude Include="Battle.h">
      <Filter>core\headers</Filter>
    </ClInclude>
    <ClInclude Include="String.h">
      <Filter>utils</Filter>
    </ClInclude>
    <ClInclude Include="Vector.h">
      <Filter>utils</Filter>
    </ClInclude>
    <ClInclude Include="GameEngine.h">
      <Filter>system</Filter>
    </ClInclude>
    <ClInclude Include="FileManager.h">
      <Filter>system</Filter>
    </ClInclude>
  </ItemGroup>
</Project>